// !$*UTF8*$!
{
	archiveVersion = 1;
	classes = {
	};
	objectVersion = 51;
	objects = {

/* Begin PBXBuildFile section */
		27A44AE9BDF90F82C9A0A85B /* Pods_SMV_App.framework in Frameworks */ = {isa = PBXBuildFile; fileRef = E80BC1600ED8E617DBDC7A89 /* Pods_SMV_App.framework */; };
		36FB15A602990332892760E4 /* Pods_SMV_App_SMV_AppUITests.framework in Frameworks */ = {isa = PBXBuildFile; fileRef = 85C992C07ABD72972F9B3D88 /* Pods_SMV_App_SMV_AppUITests.framework */; };
		D470D3752446303100FB84E8 /* AppDelegate.swift in Sources */ = {isa = PBXBuildFile; fileRef = D470D3742446303100FB84E8 /* AppDelegate.swift */; };
		D470D3772446303100FB84E8 /* SceneDelegate.swift in Sources */ = {isa = PBXBuildFile; fileRef = D470D3762446303100FB84E8 /* SceneDelegate.swift */; };
		D470D37E2446303400FB84E8 /* Assets.xcassets in Resources */ = {isa = PBXBuildFile; fileRef = D470D37D2446303400FB84E8 /* Assets.xcassets */; };
		D470D3812446303400FB84E8 /* LaunchScreen.storyboard in Resources */ = {isa = PBXBuildFile; fileRef = D470D37F2446303400FB84E8 /* LaunchScreen.storyboard */; };
		D470D38C2446303400FB84E8 /* SMV_AppTests.swift in Sources */ = {isa = PBXBuildFile; fileRef = D470D38B2446303400FB84E8 /* SMV_AppTests.swift */; };
		D470D3972446303400FB84E8 /* SMV_AppUITests.swift in Sources */ = {isa = PBXBuildFile; fileRef = D470D3962446303400FB84E8 /* SMV_AppUITests.swift */; };
		D470D3BE244637C100FB84E8 /* EmployeeDetailInteractor.swift in Sources */ = {isa = PBXBuildFile; fileRef = D470D3B4244637C100FB84E8 /* EmployeeDetailInteractor.swift */; };
		D470D3BF244637C100FB84E8 /* EmployeeDetailProtocols.swift in Sources */ = {isa = PBXBuildFile; fileRef = D470D3B5244637C100FB84E8 /* EmployeeDetailProtocols.swift */; };
		D470D3C0244637C100FB84E8 /* EmployeeDetailModule.swift in Sources */ = {isa = PBXBuildFile; fileRef = D470D3B6244637C100FB84E8 /* EmployeeDetailModule.swift */; };
		D470D3C1244637C100FB84E8 /* EmployeeDetailView.swift in Sources */ = {isa = PBXBuildFile; fileRef = D470D3B8244637C100FB84E8 /* EmployeeDetailView.swift */; };
		D470D3C2244637C100FB84E8 /* EmployeeDetailView.xib in Resources */ = {isa = PBXBuildFile; fileRef = D470D3B9244637C100FB84E8 /* EmployeeDetailView.xib */; };
		D470D3C3244637C100FB84E8 /* EmployeeDetailRouter.swift in Sources */ = {isa = PBXBuildFile; fileRef = D470D3BB244637C100FB84E8 /* EmployeeDetailRouter.swift */; };
		D470D3C4244637C100FB84E8 /* EmployeeDetailPresenter.swift in Sources */ = {isa = PBXBuildFile; fileRef = D470D3BD244637C100FB84E8 /* EmployeeDetailPresenter.swift */; };
		D470D3CC244646C700FB84E8 /* NetworkLayer.swift in Sources */ = {isa = PBXBuildFile; fileRef = D470D3C7244646C700FB84E8 /* NetworkLayer.swift */; };
		D470D3CD244646C700FB84E8 /* NetworkLayerRouter.swift in Sources */ = {isa = PBXBuildFile; fileRef = D470D3C9244646C700FB84E8 /* NetworkLayerRouter.swift */; };
		D470D3CE244646C700FB84E8 /* NetworkLayerHTTPMethod.swift in Sources */ = {isa = PBXBuildFile; fileRef = D470D3CB244646C700FB84E8 /* NetworkLayerHTTPMethod.swift */; };
		D470D3D2244646E000FB84E8 /* EmployeeServiceRouter.swift in Sources */ = {isa = PBXBuildFile; fileRef = D470D3D0244646E000FB84E8 /* EmployeeServiceRouter.swift */; };
		D470D3D3244646E000FB84E8 /* EmployeeAPIService.swift in Sources */ = {isa = PBXBuildFile; fileRef = D470D3D1244646E000FB84E8 /* EmployeeAPIService.swift */; };
		D470D3D6244646F600FB84E8 /* EmployeeEntity.swift in Sources */ = {isa = PBXBuildFile; fileRef = D470D3D5244646F600FB84E8 /* EmployeeEntity.swift */; };
		F197FF0909F67FF1BF8B4AA8 /* Pods_SMV_AppTests.framework in Frameworks */ = {isa = PBXBuildFile; fileRef = 841B090E45BC5A695020AC50 /* Pods_SMV_AppTests.framework */; };
/* End PBXBuildFile section */

/* Begin PBXContainerItemProxy section */
		D470D3882446303400FB84E8 /* PBXContainerItemProxy */ = {
			isa = PBXContainerItemProxy;
			containerPortal = D470D3692446303100FB84E8 /* Project object */;
			proxyType = 1;
			remoteGlobalIDString = D470D3702446303100FB84E8;
			remoteInfo = "SMV App";
		};
		D470D3932446303400FB84E8 /* PBXContainerItemProxy */ = {
			isa = PBXContainerItemProxy;
			containerPortal = D470D3692446303100FB84E8 /* Project object */;
			proxyType = 1;
			remoteGlobalIDString = D470D3702446303100FB84E8;
			remoteInfo = "SMV App";
		};
/* End PBXContainerItemProxy section */

/* Begin PBXFileReference section */
		3F2A42B10984F14BF95694C0 /* Pods-SMV App.release.xcconfig */ = {isa = PBXFileReference; includeInIndex = 1; lastKnownFileType = text.xcconfig; name = "Pods-SMV App.release.xcconfig"; path = "Target Support Files/Pods-SMV App/Pods-SMV App.release.xcconfig"; sourceTree = "<group>"; };
		841B090E45BC5A695020AC50 /* Pods_SMV_AppTests.framework */ = {isa = PBXFileReference; explicitFileType = wrapper.framework; includeInIndex = 0; path = Pods_SMV_AppTests.framework; sourceTree = BUILT_PRODUCTS_DIR; };
		85C992C07ABD72972F9B3D88 /* Pods_SMV_App_SMV_AppUITests.framework */ = {isa = PBXFileReference; explicitFileType = wrapper.framework; includeInIndex = 0; path = Pods_SMV_App_SMV_AppUITests.framework; sourceTree = BUILT_PRODUCTS_DIR; };
		91A2798211D0B949B7430BF3 /* Pods-SMV App.debug.xcconfig */ = {isa = PBXFileReference; includeInIndex = 1; lastKnownFileType = text.xcconfig; name = "Pods-SMV App.debug.xcconfig"; path = "Target Support Files/Pods-SMV App/Pods-SMV App.debug.xcconfig"; sourceTree = "<group>"; };
		BA5BFB736E1207CB061B7D10 /* Pods-SMV AppTests.release.xcconfig */ = {isa = PBXFileReference; includeInIndex = 1; lastKnownFileType = text.xcconfig; name = "Pods-SMV AppTests.release.xcconfig"; path = "Target Support Files/Pods-SMV AppTests/Pods-SMV AppTests.release.xcconfig"; sourceTree = "<group>"; };
		C9026367A931F96297201903 /* Pods-SMV AppTests.debug.xcconfig */ = {isa = PBXFileReference; includeInIndex = 1; lastKnownFileType = text.xcconfig; name = "Pods-SMV AppTests.debug.xcconfig"; path = "Target Support Files/Pods-SMV AppTests/Pods-SMV AppTests.debug.xcconfig"; sourceTree = "<group>"; };
		D470D3712446303100FB84E8 /* SMV App.app */ = {isa = PBXFileReference; explicitFileType = wrapper.application; includeInIndex = 0; path = "SMV App.app"; sourceTree = BUILT_PRODUCTS_DIR; };
		D470D3742446303100FB84E8 /* AppDelegate.swift */ = {isa = PBXFileReference; lastKnownFileType = sourcecode.swift; path = AppDelegate.swift; sourceTree = "<group>"; };
		D470D3762446303100FB84E8 /* SceneDelegate.swift */ = {isa = PBXFileReference; lastKnownFileType = sourcecode.swift; path = SceneDelegate.swift; sourceTree = "<group>"; };
		D470D37D2446303400FB84E8 /* Assets.xcassets */ = {isa = PBXFileReference; lastKnownFileType = folder.assetcatalog; path = Assets.xcassets; sourceTree = "<group>"; };
		D470D3802446303400FB84E8 /* Base */ = {isa = PBXFileReference; lastKnownFileType = file.storyboard; name = Base; path = Base.lproj/LaunchScreen.storyboard; sourceTree = "<group>"; };
		D470D3822446303400FB84E8 /* Info.plist */ = {isa = PBXFileReference; lastKnownFileType = text.plist.xml; path = Info.plist; sourceTree = "<group>"; };
		D470D3872446303400FB84E8 /* SMV AppTests.xctest */ = {isa = PBXFileReference; explicitFileType = wrapper.cfbundle; includeInIndex = 0; path = "SMV AppTests.xctest"; sourceTree = BUILT_PRODUCTS_DIR; };
		D470D38B2446303400FB84E8 /* SMV_AppTests.swift */ = {isa = PBXFileReference; lastKnownFileType = sourcecode.swift; path = SMV_AppTests.swift; sourceTree = "<group>"; };
		D470D38D2446303400FB84E8 /* Info.plist */ = {isa = PBXFileReference; lastKnownFileType = text.plist.xml; path = Info.plist; sourceTree = "<group>"; };
		D470D3922446303400FB84E8 /* SMV AppUITests.xctest */ = {isa = PBXFileReference; explicitFileType = wrapper.cfbundle; includeInIndex = 0; path = "SMV AppUITests.xctest"; sourceTree = BUILT_PRODUCTS_DIR; };
		D470D3962446303400FB84E8 /* SMV_AppUITests.swift */ = {isa = PBXFileReference; lastKnownFileType = sourcecode.swift; path = SMV_AppUITests.swift; sourceTree = "<group>"; };
		D470D3982446303400FB84E8 /* Info.plist */ = {isa = PBXFileReference; lastKnownFileType = text.plist.xml; path = Info.plist; sourceTree = "<group>"; };
		D470D3B4244637C100FB84E8 /* EmployeeDetailInteractor.swift */ = {isa = PBXFileReference; fileEncoding = 4; lastKnownFileType = sourcecode.swift; path = EmployeeDetailInteractor.swift; sourceTree = "<group>"; };
		D470D3B5244637C100FB84E8 /* EmployeeDetailProtocols.swift */ = {isa = PBXFileReference; fileEncoding = 4; lastKnownFileType = sourcecode.swift; path = EmployeeDetailProtocols.swift; sourceTree = "<group>"; };
		D470D3B6244637C100FB84E8 /* EmployeeDetailModule.swift */ = {isa = PBXFileReference; fileEncoding = 4; lastKnownFileType = sourcecode.swift; path = EmployeeDetailModule.swift; sourceTree = "<group>"; };
		D470D3B8244637C100FB84E8 /* EmployeeDetailView.swift */ = {isa = PBXFileReference; fileEncoding = 4; lastKnownFileType = sourcecode.swift; path = EmployeeDetailView.swift; sourceTree = "<group>"; };
		D470D3B9244637C100FB84E8 /* EmployeeDetailView.xib */ = {isa = PBXFileReference; fileEncoding = 4; lastKnownFileType = file.xib; path = EmployeeDetailView.xib; sourceTree = "<group>"; };
		D470D3BB244637C100FB84E8 /* EmployeeDetailRouter.swift */ = {isa = PBXFileReference; fileEncoding = 4; lastKnownFileType = sourcecode.swift; path = EmployeeDetailRouter.swift; sourceTree = "<group>"; };
		D470D3BD244637C100FB84E8 /* EmployeeDetailPresenter.swift */ = {isa = PBXFileReference; fileEncoding = 4; lastKnownFileType = sourcecode.swift; path = EmployeeDetailPresenter.swift; sourceTree = "<group>"; };
		D470D3C7244646C700FB84E8 /* NetworkLayer.swift */ = {isa = PBXFileReference; fileEncoding = 4; lastKnownFileType = sourcecode.swift; path = NetworkLayer.swift; sourceTree = "<group>"; };
		D470D3C9244646C700FB84E8 /* NetworkLayerRouter.swift */ = {isa = PBXFileReference; fileEncoding = 4; lastKnownFileType = sourcecode.swift; path = NetworkLayerRouter.swift; sourceTree = "<group>"; };
		D470D3CB244646C700FB84E8 /* NetworkLayerHTTPMethod.swift */ = {isa = PBXFileReference; fileEncoding = 4; lastKnownFileType = sourcecode.swift; path = NetworkLayerHTTPMethod.swift; sourceTree = "<group>"; };
		D470D3D0244646E000FB84E8 /* EmployeeServiceRouter.swift */ = {isa = PBXFileReference; fileEncoding = 4; lastKnownFileType = sourcecode.swift; path = EmployeeServiceRouter.swift; sourceTree = "<group>"; };
		D470D3D1244646E000FB84E8 /* EmployeeAPIService.swift */ = {isa = PBXFileReference; fileEncoding = 4; lastKnownFileType = sourcecode.swift; path = EmployeeAPIService.swift; sourceTree = "<group>"; };
		D470D3D5244646F600FB84E8 /* EmployeeEntity.swift */ = {isa = PBXFileReference; fileEncoding = 4; lastKnownFileType = sourcecode.swift; path = EmployeeEntity.swift; sourceTree = "<group>"; };
		E80BC1600ED8E617DBDC7A89 /* Pods_SMV_App.framework */ = {isa = PBXFileReference; explicitFileType = wrapper.framework; includeInIndex = 0; path = Pods_SMV_App.framework; sourceTree = BUILT_PRODUCTS_DIR; };
		F2A54708483FD8F298D6580D /* Pods-SMV App-SMV AppUITests.release.xcconfig */ = {isa = PBXFileReference; includeInIndex = 1; lastKnownFileType = text.xcconfig; name = "Pods-SMV App-SMV AppUITests.release.xcconfig"; path = "Target Support Files/Pods-SMV App-SMV AppUITests/Pods-SMV App-SMV AppUITests.release.xcconfig"; sourceTree = "<group>"; };
		FFADC0FB64B21D0E2B0C672B /* Pods-SMV App-SMV AppUITests.debug.xcconfig */ = {isa = PBXFileReference; includeInIndex = 1; lastKnownFileType = text.xcconfig; name = "Pods-SMV App-SMV AppUITests.debug.xcconfig"; path = "Target Support Files/Pods-SMV App-SMV AppUITests/Pods-SMV App-SMV AppUITests.debug.xcconfig"; sourceTree = "<group>"; };
/* End PBXFileReference section */

/* Begin PBXFrameworksBuildPhase section */
		D470D36E2446303100FB84E8 /* Frameworks */ = {
			isa = PBXFrameworksBuildPhase;
			buildActionMask = 2147483647;
			files = (
				27A44AE9BDF90F82C9A0A85B /* Pods_SMV_App.framework in Frameworks */,
			);
			runOnlyForDeploymentPostprocessing = 0;
		};
		D470D3842446303400FB84E8 /* Frameworks */ = {
			isa = PBXFrameworksBuildPhase;
			buildActionMask = 2147483647;
			files = (
				F197FF0909F67FF1BF8B4AA8 /* Pods_SMV_AppTests.framework in Frameworks */,
			);
			runOnlyForDeploymentPostprocessing = 0;
		};
		D470D38F2446303400FB84E8 /* Frameworks */ = {
			isa = PBXFrameworksBuildPhase;
			buildActionMask = 2147483647;
			files = (
				36FB15A602990332892760E4 /* Pods_SMV_App_SMV_AppUITests.framework in Frameworks */,
			);
			runOnlyForDeploymentPostprocessing = 0;
		};
/* End PBXFrameworksBuildPhase section */

/* Begin PBXGroup section */
		C8456955FBA9B462313B31F3 /* Frameworks */ = {
			isa = PBXGroup;
			children = (
				E80BC1600ED8E617DBDC7A89 /* Pods_SMV_App.framework */,
				85C992C07ABD72972F9B3D88 /* Pods_SMV_App_SMV_AppUITests.framework */,
				841B090E45BC5A695020AC50 /* Pods_SMV_AppTests.framework */,
			);
			name = Frameworks;
			sourceTree = "<group>";
		};
		D470D3682446303100FB84E8 = {
			isa = PBXGroup;
			children = (
				D470D3732446303100FB84E8 /* SMV App */,
				D470D38A2446303400FB84E8 /* SMV AppTests */,
				D470D3952446303400FB84E8 /* SMV AppUITests */,
				D470D3722446303100FB84E8 /* Products */,
				F9CAE3C54157108C474EFC77 /* Pods */,
				C8456955FBA9B462313B31F3 /* Frameworks */,
			);
			sourceTree = "<group>";
		};
		D470D3722446303100FB84E8 /* Products */ = {
			isa = PBXGroup;
			children = (
				D470D3712446303100FB84E8 /* SMV App.app */,
				D470D3872446303400FB84E8 /* SMV AppTests.xctest */,
				D470D3922446303400FB84E8 /* SMV AppUITests.xctest */,
			);
			name = Products;
			sourceTree = "<group>";
		};
		D470D3732446303100FB84E8 /* SMV App */ = {
			isa = PBXGroup;
			children = (
				D470D3A42446378600FB84E8 /* Source */,
				D470D3742446303100FB84E8 /* AppDelegate.swift */,
				D470D3762446303100FB84E8 /* SceneDelegate.swift */,
				D470D37D2446303400FB84E8 /* Assets.xcassets */,
				D470D37F2446303400FB84E8 /* LaunchScreen.storyboard */,
				D470D3822446303400FB84E8 /* Info.plist */,
			);
			path = "SMV App";
			sourceTree = "<group>";
		};
		D470D38A2446303400FB84E8 /* SMV AppTests */ = {
			isa = PBXGroup;
			children = (
				D470D38B2446303400FB84E8 /* SMV_AppTests.swift */,
				D470D38D2446303400FB84E8 /* Info.plist */,
			);
			path = "SMV AppTests";
			sourceTree = "<group>";
		};
		D470D3952446303400FB84E8 /* SMV AppUITests */ = {
			isa = PBXGroup;
			children = (
				D470D3962446303400FB84E8 /* SMV_AppUITests.swift */,
				D470D3982446303400FB84E8 /* Info.plist */,
			);
			path = "SMV AppUITests";
			sourceTree = "<group>";
		};
		D470D3A42446378600FB84E8 /* Source */ = {
			isa = PBXGroup;
			children = (
				D470D3C5244646C700FB84E8 /* Core */,
				D470D3A52446378C00FB84E8 /* Modules */,
			);
			path = Source;
			sourceTree = "<group>";
		};
		D470D3A52446378C00FB84E8 /* Modules */ = {
			isa = PBXGroup;
			children = (
				D470D3A62446379D00FB84E8 /* EmployeeDetail */,
			);
			path = Modules;
			sourceTree = "<group>";
		};
		D470D3A62446379D00FB84E8 /* EmployeeDetail */ = {
			isa = PBXGroup;
			children = (
				D470D3B6244637C100FB84E8 /* EmployeeDetailModule.swift */,
				D470D3B5244637C100FB84E8 /* EmployeeDetailProtocols.swift */,
				D470D3CF244646E000FB84E8 /* Service */,
				D470D3D4244646F600FB84E8 /* Entities */,
				D470D3B3244637C100FB84E8 /* Interactor */,
				D470D3BC244637C100FB84E8 /* Presenter */,
				D470D3BA244637C100FB84E8 /* Router */,
				D470D3B7244637C100FB84E8 /* View */,
			);
			path = EmployeeDetail;
			sourceTree = "<group>";
		};
		D470D3B3244637C100FB84E8 /* Interactor */ = {
			isa = PBXGroup;
			children = (
				D470D3B4244637C100FB84E8 /* EmployeeDetailInteractor.swift */,
			);
			path = Interactor;
			sourceTree = "<group>";
		};
		D470D3B7244637C100FB84E8 /* View */ = {
			isa = PBXGroup;
			children = (
				D470D3B8244637C100FB84E8 /* EmployeeDetailView.swift */,
				D470D3B9244637C100FB84E8 /* EmployeeDetailView.xib */,
			);
			path = View;
			sourceTree = "<group>";
		};
		D470D3BA244637C100FB84E8 /* Router */ = {
			isa = PBXGroup;
			children = (
				D470D3BB244637C100FB84E8 /* EmployeeDetailRouter.swift */,
			);
			path = Router;
			sourceTree = "<group>";
		};
		D470D3BC244637C100FB84E8 /* Presenter */ = {
			isa = PBXGroup;
			children = (
				D470D3BD244637C100FB84E8 /* EmployeeDetailPresenter.swift */,
			);
			path = Presenter;
			sourceTree = "<group>";
		};
		D470D3C5244646C700FB84E8 /* Core */ = {
			isa = PBXGroup;
			children = (
				D470D3C6244646C700FB84E8 /* NetworkLayer */,
			);
			path = Core;
			sourceTree = "<group>";
		};
		D470D3C6244646C700FB84E8 /* NetworkLayer */ = {
			isa = PBXGroup;
			children = (
				D470D3C7244646C700FB84E8 /* NetworkLayer.swift */,
				D470D3C8244646C700FB84E8 /* Protocols */,
				D470D3CA244646C700FB84E8 /* Entities */,
			);
			path = NetworkLayer;
			sourceTree = "<group>";
		};
		D470D3C8244646C700FB84E8 /* Protocols */ = {
			isa = PBXGroup;
			children = (
				D470D3C9244646C700FB84E8 /* NetworkLayerRouter.swift */,
			);
			path = Protocols;
			sourceTree = "<group>";
		};
		D470D3CA244646C700FB84E8 /* Entities */ = {
			isa = PBXGroup;
			children = (
				D470D3CB244646C700FB84E8 /* NetworkLayerHTTPMethod.swift */,
			);
			path = Entities;
			sourceTree = "<group>";
		};
		D470D3CF244646E000FB84E8 /* Service */ = {
			isa = PBXGroup;
			children = (
				D470D3D0244646E000FB84E8 /* EmployeeServiceRouter.swift */,
				D470D3D1244646E000FB84E8 /* EmployeeAPIService.swift */,
			);
			path = Service;
			sourceTree = "<group>";
		};
		D470D3D4244646F600FB84E8 /* Entities */ = {
			isa = PBXGroup;
			children = (
				D470D3D5244646F600FB84E8 /* EmployeeEntity.swift */,
			);
			path = Entities;
			sourceTree = "<group>";
		};
		F9CAE3C54157108C474EFC77 /* Pods */ = {
			isa = PBXGroup;
			children = (
				91A2798211D0B949B7430BF3 /* Pods-SMV App.debug.xcconfig */,
				3F2A42B10984F14BF95694C0 /* Pods-SMV App.release.xcconfig */,
				FFADC0FB64B21D0E2B0C672B /* Pods-SMV App-SMV AppUITests.debug.xcconfig */,
				F2A54708483FD8F298D6580D /* Pods-SMV App-SMV AppUITests.release.xcconfig */,
				C9026367A931F96297201903 /* Pods-SMV AppTests.debug.xcconfig */,
				BA5BFB736E1207CB061B7D10 /* Pods-SMV AppTests.release.xcconfig */,
			);
			path = Pods;
			sourceTree = "<group>";
		};
/* End PBXGroup section */

/* Begin PBXNativeTarget section */
		D470D3702446303100FB84E8 /* SMV App */ = {
			isa = PBXNativeTarget;
			buildConfigurationList = D470D39B2446303400FB84E8 /* Build configuration list for PBXNativeTarget "SMV App" */;
			buildPhases = (
				90A1FADE05262D8D4AF5412F /* [CP] Check Pods Manifest.lock */,
				D470D36D2446303100FB84E8 /* Sources */,
				D470D36E2446303100FB84E8 /* Frameworks */,
				D470D36F2446303100FB84E8 /* Resources */,
				6025C08D7BEAB4102B90B830 /* [CP] Embed Pods Frameworks */,
			);
			buildRules = (
			);
			dependencies = (
			);
			name = "SMV App";
			productName = "SMV App";
			productReference = D470D3712446303100FB84E8 /* SMV App.app */;
			productType = "com.apple.product-type.application";
		};
		D470D3862446303400FB84E8 /* SMV AppTests */ = {
			isa = PBXNativeTarget;
			buildConfigurationList = D470D39E2446303400FB84E8 /* Build configuration list for PBXNativeTarget "SMV AppTests" */;
			buildPhases = (
				B4AAE33A0528EDC9A09F2210 /* [CP] Check Pods Manifest.lock */,
				D470D3832446303400FB84E8 /* Sources */,
				D470D3842446303400FB84E8 /* Frameworks */,
				D470D3852446303400FB84E8 /* Resources */,
			);
			buildRules = (
			);
			dependencies = (
				D470D3892446303400FB84E8 /* PBXTargetDependency */,
			);
			name = "SMV AppTests";
			productName = "SMV AppTests";
			productReference = D470D3872446303400FB84E8 /* SMV AppTests.xctest */;
			productType = "com.apple.product-type.bundle.unit-test";
		};
		D470D3912446303400FB84E8 /* SMV AppUITests */ = {
			isa = PBXNativeTarget;
			buildConfigurationList = D470D3A12446303400FB84E8 /* Build configuration list for PBXNativeTarget "SMV AppUITests" */;
			buildPhases = (
				DFA418743F1440A05A0B1FEB /* [CP] Check Pods Manifest.lock */,
				D470D38E2446303400FB84E8 /* Sources */,
				D470D38F2446303400FB84E8 /* Frameworks */,
				D470D3902446303400FB84E8 /* Resources */,
				D59013DD0D60C05A0863AC55 /* [CP] Embed Pods Frameworks */,
			);
			buildRules = (
			);
			dependencies = (
				D470D3942446303400FB84E8 /* PBXTargetDependency */,
			);
			name = "SMV AppUITests";
			productName = "SMV AppUITests";
			productReference = D470D3922446303400FB84E8 /* SMV AppUITests.xctest */;
			productType = "com.apple.product-type.bundle.ui-testing";
		};
/* End PBXNativeTarget section */

/* Begin PBXProject section */
		D470D3692446303100FB84E8 /* Project object */ = {
			isa = PBXProject;
			attributes = {
				LastSwiftUpdateCheck = 1140;
				LastUpgradeCheck = 1140;
				ORGANIZATIONNAME = "Alejandro Zalazar";
				TargetAttributes = {
					D470D3702446303100FB84E8 = {
						CreatedOnToolsVersion = 11.4;
					};
					D470D3862446303400FB84E8 = {
						CreatedOnToolsVersion = 11.4;
						TestTargetID = D470D3702446303100FB84E8;
					};
					D470D3912446303400FB84E8 = {
						CreatedOnToolsVersion = 11.4;
						TestTargetID = D470D3702446303100FB84E8;
					};
				};
			};
			buildConfigurationList = D470D36C2446303100FB84E8 /* Build configuration list for PBXProject "SMV App" */;
			compatibilityVersion = "Xcode 9.3";
			developmentRegion = en;
			hasScannedForEncodings = 0;
			knownRegions = (
				en,
				Base,
			);
			mainGroup = D470D3682446303100FB84E8;
			productRefGroup = D470D3722446303100FB84E8 /* Products */;
			projectDirPath = "";
			projectRoot = "";
			targets = (
				D470D3702446303100FB84E8 /* SMV App */,
				D470D3862446303400FB84E8 /* SMV AppTests */,
				D470D3912446303400FB84E8 /* SMV AppUITests */,
			);
		};
/* End PBXProject section */

/* Begin PBXResourcesBuildPhase section */
		D470D36F2446303100FB84E8 /* Resources */ = {
			isa = PBXResourcesBuildPhase;
			buildActionMask = 2147483647;
			files = (
				D470D3812446303400FB84E8 /* LaunchScreen.storyboard in Resources */,
				D470D3C2244637C100FB84E8 /* EmployeeDetailView.xib in Resources */,
				D470D37E2446303400FB84E8 /* Assets.xcassets in Resources */,
			);
			runOnlyForDeploymentPostprocessing = 0;
		};
		D470D3852446303400FB84E8 /* Resources */ = {
			isa = PBXResourcesBuildPhase;
			buildActionMask = 2147483647;
			files = (
			);
			runOnlyForDeploymentPostprocessing = 0;
		};
		D470D3902446303400FB84E8 /* Resources */ = {
			isa = PBXResourcesBuildPhase;
			buildActionMask = 2147483647;
			files = (
			);
			runOnlyForDeploymentPostprocessing = 0;
		};
/* End PBXResourcesBuildPhase section */

/* Begin PBXShellScriptBuildPhase section */
		6025C08D7BEAB4102B90B830 /* [CP] Embed Pods Frameworks */ = {
			isa = PBXShellScriptBuildPhase;
			buildActionMask = 2147483647;
			files = (
			);
			inputFileListPaths = (
				"${PODS_ROOT}/Target Support Files/Pods-SMV App/Pods-SMV App-frameworks-${CONFIGURATION}-input-files.xcfilelist",
			);
			name = "[CP] Embed Pods Frameworks";
			outputFileListPaths = (
				"${PODS_ROOT}/Target Support Files/Pods-SMV App/Pods-SMV App-frameworks-${CONFIGURATION}-output-files.xcfilelist",
			);
			runOnlyForDeploymentPostprocessing = 0;
			shellPath = /bin/sh;
			shellScript = "\"${PODS_ROOT}/Target Support Files/Pods-SMV App/Pods-SMV App-frameworks.sh\"\n";
			showEnvVarsInLog = 0;
		};
		90A1FADE05262D8D4AF5412F /* [CP] Check Pods Manifest.lock */ = {
			isa = PBXShellScriptBuildPhase;
			buildActionMask = 2147483647;
			files = (
			);
			inputFileListPaths = (
			);
			inputPaths = (
				"${PODS_PODFILE_DIR_PATH}/Podfile.lock",
				"${PODS_ROOT}/Manifest.lock",
			);
			name = "[CP] Check Pods Manifest.lock";
			outputFileListPaths = (
			);
			outputPaths = (
				"$(DERIVED_FILE_DIR)/Pods-SMV App-checkManifestLockResult.txt",
			);
			runOnlyForDeploymentPostprocessing = 0;
			shellPath = /bin/sh;
			shellScript = "diff \"${PODS_PODFILE_DIR_PATH}/Podfile.lock\" \"${PODS_ROOT}/Manifest.lock\" > /dev/null\nif [ $? != 0 ] ; then\n    # print error to STDERR\n    echo \"error: The sandbox is not in sync with the Podfile.lock. Run 'pod install' or update your CocoaPods installation.\" >&2\n    exit 1\nfi\n# This output is used by Xcode 'outputs' to avoid re-running this script phase.\necho \"SUCCESS\" > \"${SCRIPT_OUTPUT_FILE_0}\"\n";
			showEnvVarsInLog = 0;
		};
		B4AAE33A0528EDC9A09F2210 /* [CP] Check Pods Manifest.lock */ = {
			isa = PBXShellScriptBuildPhase;
			buildActionMask = 2147483647;
			files = (
			);
			inputFileListPaths = (
			);
			inputPaths = (
				"${PODS_PODFILE_DIR_PATH}/Podfile.lock",
				"${PODS_ROOT}/Manifest.lock",
			);
			name = "[CP] Check Pods Manifest.lock";
			outputFileListPaths = (
			);
			outputPaths = (
				"$(DERIVED_FILE_DIR)/Pods-SMV AppTests-checkManifestLockResult.txt",
			);
			runOnlyForDeploymentPostprocessing = 0;
			shellPath = /bin/sh;
			shellScript = "diff \"${PODS_PODFILE_DIR_PATH}/Podfile.lock\" \"${PODS_ROOT}/Manifest.lock\" > /dev/null\nif [ $? != 0 ] ; then\n    # print error to STDERR\n    echo \"error: The sandbox is not in sync with the Podfile.lock. Run 'pod install' or update your CocoaPods installation.\" >&2\n    exit 1\nfi\n# This output is used by Xcode 'outputs' to avoid re-running this script phase.\necho \"SUCCESS\" > \"${SCRIPT_OUTPUT_FILE_0}\"\n";
			showEnvVarsInLog = 0;
		};
		D59013DD0D60C05A0863AC55 /* [CP] Embed Pods Frameworks */ = {
			isa = PBXShellScriptBuildPhase;
			buildActionMask = 2147483647;
			files = (
			);
			inputFileListPaths = (
				"${PODS_ROOT}/Target Support Files/Pods-SMV App-SMV AppUITests/Pods-SMV App-SMV AppUITests-frameworks-${CONFIGURATION}-input-files.xcfilelist",
			);
			name = "[CP] Embed Pods Frameworks";
			outputFileListPaths = (
				"${PODS_ROOT}/Target Support Files/Pods-SMV App-SMV AppUITests/Pods-SMV App-SMV AppUITests-frameworks-${CONFIGURATION}-output-files.xcfilelist",
			);
			runOnlyForDeploymentPostprocessing = 0;
			shellPath = /bin/sh;
			shellScript = "\"${PODS_ROOT}/Target Support Files/Pods-SMV App-SMV AppUITests/Pods-SMV App-SMV AppUITests-frameworks.sh\"\n";
			showEnvVarsInLog = 0;
		};
		DFA418743F1440A05A0B1FEB /* [CP] Check Pods Manifest.lock */ = {
			isa = PBXShellScriptBuildPhase;
			buildActionMask = 2147483647;
			files = (
			);
			inputFileListPaths = (
			);
			inputPaths = (
				"${PODS_PODFILE_DIR_PATH}/Podfile.lock",
				"${PODS_ROOT}/Manifest.lock",
			);
			name = "[CP] Check Pods Manifest.lock";
			outputFileListPaths = (
			);
			outputPaths = (
				"$(DERIVED_FILE_DIR)/Pods-SMV App-SMV AppUITests-checkManifestLockResult.txt",
			);
			runOnlyForDeploymentPostprocessing = 0;
			shellPath = /bin/sh;
			shellScript = "diff \"${PODS_PODFILE_DIR_PATH}/Podfile.lock\" \"${PODS_ROOT}/Manifest.lock\" > /dev/null\nif [ $? != 0 ] ; then\n    # print error to STDERR\n    echo \"error: The sandbox is not in sync with the Podfile.lock. Run 'pod install' or update your CocoaPods installation.\" >&2\n    exit 1\nfi\n# This output is used by Xcode 'outputs' to avoid re-running this script phase.\necho \"SUCCESS\" > \"${SCRIPT_OUTPUT_FILE_0}\"\n";
			showEnvVarsInLog = 0;
		};
/* End PBXShellScriptBuildPhase section */

/* Begin PBXSourcesBuildPhase section */
		D470D36D2446303100FB84E8 /* Sources */ = {
			isa = PBXSourcesBuildPhase;
			buildActionMask = 2147483647;
			files = (
				D470D3D6244646F600FB84E8 /* EmployeeEntity.swift in Sources */,
				D470D3CC244646C700FB84E8 /* NetworkLayer.swift in Sources */,
				D470D3BF244637C100FB84E8 /* EmployeeDetailProtocols.swift in Sources */,
				D470D3BE244637C100FB84E8 /* EmployeeDetailInteractor.swift in Sources */,
				D470D3CE244646C700FB84E8 /* NetworkLayerHTTPMethod.swift in Sources */,
				D470D3CD244646C700FB84E8 /* NetworkLayerRouter.swift in Sources */,
				D470D3C3244637C100FB84E8 /* EmployeeDetailRouter.swift in Sources */,
				D470D3D3244646E000FB84E8 /* EmployeeAPIService.swift in Sources */,
				D470D3C4244637C100FB84E8 /* EmployeeDetailPresenter.swift in Sources */,
				D470D3752446303100FB84E8 /* AppDelegate.swift in Sources */,
				D470D3D2244646E000FB84E8 /* EmployeeServiceRouter.swift in Sources */,
				D470D3C1244637C100FB84E8 /* EmployeeDetailView.swift in Sources */,
				D470D3C0244637C100FB84E8 /* EmployeeDetailModule.swift in Sources */,
				D470D3772446303100FB84E8 /* SceneDelegate.swift in Sources */,
			);
			runOnlyForDeploymentPostprocessing = 0;
		};
		D470D3832446303400FB84E8 /* Sources */ = {
			isa = PBXSourcesBuildPhase;
			buildActionMask = 2147483647;
			files = (
				D470D38C2446303400FB84E8 /* SMV_AppTests.swift in Sources */,
			);
			runOnlyForDeploymentPostprocessing = 0;
		};
		D470D38E2446303400FB84E8 /* Sources */ = {
			isa = PBXSourcesBuildPhase;
			buildActionMask = 2147483647;
			files = (
				D470D3972446303400FB84E8 /* SMV_AppUITests.swift in Sources */,
			);
			runOnlyForDeploymentPostprocessing = 0;
		};
/* End PBXSourcesBuildPhase section */

/* Begin PBXTargetDependency section */
		D470D3892446303400FB84E8 /* PBXTargetDependency */ = {
			isa = PBXTargetDependency;
			target = D470D3702446303100FB84E8 /* SMV App */;
			targetProxy = D470D3882446303400FB84E8 /* PBXContainerItemProxy */;
		};
		D470D3942446303400FB84E8 /* PBXTargetDependency */ = {
			isa = PBXTargetDependency;
			target = D470D3702446303100FB84E8 /* SMV App */;
			targetProxy = D470D3932446303400FB84E8 /* PBXContainerItemProxy */;
		};
/* End PBXTargetDependency section */

/* Begin PBXVariantGroup section */
		D470D37F2446303400FB84E8 /* LaunchScreen.storyboard */ = {
			isa = PBXVariantGroup;
			children = (
				D470D3802446303400FB84E8 /* Base */,
			);
			name = LaunchScreen.storyboard;
			sourceTree = "<group>";
		};
/* End PBXVariantGroup section */

/* Begin XCBuildConfiguration section */
		D470D3992446303400FB84E8 /* Debug */ = {
			isa = XCBuildConfiguration;
			buildSettings = {
				ALWAYS_SEARCH_USER_PATHS = NO;
				CLANG_ANALYZER_NONNULL = YES;
				CLANG_ANALYZER_NUMBER_OBJECT_CONVERSION = YES_AGGRESSIVE;
				CLANG_CXX_LANGUAGE_STANDARD = "gnu++14";
				CLANG_CXX_LIBRARY = "libc++";
				CLANG_ENABLE_MODULES = YES;
				CLANG_ENABLE_OBJC_ARC = YES;
				CLANG_ENABLE_OBJC_WEAK = YES;
				CLANG_WARN_BLOCK_CAPTURE_AUTORELEASING = YES;
				CLANG_WARN_BOOL_CONVERSION = YES;
				CLANG_WARN_COMMA = YES;
				CLANG_WARN_CONSTANT_CONVERSION = YES;
				CLANG_WARN_DEPRECATED_OBJC_IMPLEMENTATIONS = YES;
				CLANG_WARN_DIRECT_OBJC_ISA_USAGE = YES_ERROR;
				CLANG_WARN_DOCUMENTATION_COMMENTS = YES;
				CLANG_WARN_EMPTY_BODY = YES;
				CLANG_WARN_ENUM_CONVERSION = YES;
				CLANG_WARN_INFINITE_RECURSION = YES;
				CLANG_WARN_INT_CONVERSION = YES;
				CLANG_WARN_NON_LITERAL_NULL_CONVERSION = YES;
				CLANG_WARN_OBJC_IMPLICIT_RETAIN_SELF = YES;
				CLANG_WARN_OBJC_LITERAL_CONVERSION = YES;
				CLANG_WARN_OBJC_ROOT_CLASS = YES_ERROR;
				CLANG_WARN_RANGE_LOOP_ANALYSIS = YES;
				CLANG_WARN_STRICT_PROTOTYPES = YES;
				CLANG_WARN_SUSPICIOUS_MOVE = YES;
				CLANG_WARN_UNGUARDED_AVAILABILITY = YES_AGGRESSIVE;
				CLANG_WARN_UNREACHABLE_CODE = YES;
				CLANG_WARN__DUPLICATE_METHOD_MATCH = YES;
				COPY_PHASE_STRIP = NO;
				DEBUG_INFORMATION_FORMAT = dwarf;
				ENABLE_STRICT_OBJC_MSGSEND = YES;
				ENABLE_TESTABILITY = YES;
				GCC_C_LANGUAGE_STANDARD = gnu11;
				GCC_DYNAMIC_NO_PIC = NO;
				GCC_NO_COMMON_BLOCKS = YES;
				GCC_OPTIMIZATION_LEVEL = 0;
				GCC_PREPROCESSOR_DEFINITIONS = (
					"DEBUG=1",
					"$(inherited)",
				);
				GCC_WARN_64_TO_32_BIT_CONVERSION = YES;
				GCC_WARN_ABOUT_RETURN_TYPE = YES_ERROR;
				GCC_WARN_UNDECLARED_SELECTOR = YES;
				GCC_WARN_UNINITIALIZED_AUTOS = YES_AGGRESSIVE;
				GCC_WARN_UNUSED_FUNCTION = YES;
				GCC_WARN_UNUSED_VARIABLE = YES;
				IPHONEOS_DEPLOYMENT_TARGET = 13.4;
				MTL_ENABLE_DEBUG_INFO = INCLUDE_SOURCE;
				MTL_FAST_MATH = YES;
				ONLY_ACTIVE_ARCH = YES;
				SDKROOT = iphoneos;
				SWIFT_ACTIVE_COMPILATION_CONDITIONS = DEBUG;
				SWIFT_OPTIMIZATION_LEVEL = "-Onone";
			};
			name = Debug;
		};
		D470D39A2446303400FB84E8 /* Release */ = {
			isa = XCBuildConfiguration;
			buildSettings = {
				ALWAYS_SEARCH_USER_PATHS = NO;
				CLANG_ANALYZER_NONNULL = YES;
				CLANG_ANALYZER_NUMBER_OBJECT_CONVERSION = YES_AGGRESSIVE;
				CLANG_CXX_LANGUAGE_STANDARD = "gnu++14";
				CLANG_CXX_LIBRARY = "libc++";
				CLANG_ENABLE_MODULES = YES;
				CLANG_ENABLE_OBJC_ARC = YES;
				CLANG_ENABLE_OBJC_WEAK = YES;
				CLANG_WARN_BLOCK_CAPTURE_AUTORELEASING = YES;
				CLANG_WARN_BOOL_CONVERSION = YES;
				CLANG_WARN_COMMA = YES;
				CLANG_WARN_CONSTANT_CONVERSION = YES;
				CLANG_WARN_DEPRECATED_OBJC_IMPLEMENTATIONS = YES;
				CLANG_WARN_DIRECT_OBJC_ISA_USAGE = YES_ERROR;
				CLANG_WARN_DOCUMENTATION_COMMENTS = YES;
				CLANG_WARN_EMPTY_BODY = YES;
				CLANG_WARN_ENUM_CONVERSION = YES;
				CLANG_WARN_INFINITE_RECURSION = YES;
				CLANG_WARN_INT_CONVERSION = YES;
				CLANG_WARN_NON_LITERAL_NULL_CONVERSION = YES;
				CLANG_WARN_OBJC_IMPLICIT_RETAIN_SELF = YES;
				CLANG_WARN_OBJC_LITERAL_CONVERSION = YES;
				CLANG_WARN_OBJC_ROOT_CLASS = YES_ERROR;
				CLANG_WARN_RANGE_LOOP_ANALYSIS = YES;
				CLANG_WARN_STRICT_PROTOTYPES = YES;
				CLANG_WARN_SUSPICIOUS_MOVE = YES;
				CLANG_WARN_UNGUARDED_AVAILABILITY = YES_AGGRESSIVE;
				CLANG_WARN_UNREACHABLE_CODE = YES;
				CLANG_WARN__DUPLICATE_METHOD_MATCH = YES;
				COPY_PHASE_STRIP = NO;
				DEBUG_INFORMATION_FORMAT = "dwarf-with-dsym";
				ENABLE_NS_ASSERTIONS = NO;
				ENABLE_STRICT_OBJC_MSGSEND = YES;
				GCC_C_LANGUAGE_STANDARD = gnu11;
				GCC_NO_COMMON_BLOCKS = YES;
				GCC_WARN_64_TO_32_BIT_CONVERSION = YES;
				GCC_WARN_ABOUT_RETURN_TYPE = YES_ERROR;
				GCC_WARN_UNDECLARED_SELECTOR = YES;
				GCC_WARN_UNINITIALIZED_AUTOS = YES_AGGRESSIVE;
				GCC_WARN_UNUSED_FUNCTION = YES;
				GCC_WARN_UNUSED_VARIABLE = YES;
				IPHONEOS_DEPLOYMENT_TARGET = 13.4;
				MTL_ENABLE_DEBUG_INFO = NO;
				MTL_FAST_MATH = YES;
				SDKROOT = iphoneos;
				SWIFT_COMPILATION_MODE = wholemodule;
				SWIFT_OPTIMIZATION_LEVEL = "-O";
				VALIDATE_PRODUCT = YES;
			};
			name = Release;
		};
		D470D39C2446303400FB84E8 /* Debug */ = {
			isa = XCBuildConfiguration;
			baseConfigurationReference = 91A2798211D0B949B7430BF3 /* Pods-SMV App.debug.xcconfig */;
			buildSettings = {
				ASSETCATALOG_COMPILER_APPICON_NAME = AppIcon;
				CODE_SIGN_STYLE = Automatic;
				INFOPLIST_FILE = "SMV App/Info.plist";
				LD_RUNPATH_SEARCH_PATHS = (
					"$(inherited)",
					"@executable_path/Frameworks",
				);
				PRODUCT_BUNDLE_IDENTIFIER = "com.azalazar.SMV-App";
				PRODUCT_NAME = "$(TARGET_NAME)";
				SWIFT_VERSION = 5.0;
				TARGETED_DEVICE_FAMILY = "1,2";
			};
			name = Debug;
		};
		D470D39D2446303400FB84E8 /* Release */ = {
			isa = XCBuildConfiguration;
			baseConfigurationReference = 3F2A42B10984F14BF95694C0 /* Pods-SMV App.release.xcconfig */;
			buildSettings = {
				ASSETCATALOG_COMPILER_APPICON_NAME = AppIcon;
				CODE_SIGN_STYLE = Automatic;
				INFOPLIST_FILE = "SMV App/Info.plist";
				LD_RUNPATH_SEARCH_PATHS = (
					"$(inherited)",
					"@executable_path/Frameworks",
				);
				PRODUCT_BUNDLE_IDENTIFIER = "com.azalazar.SMV-App";
				PRODUCT_NAME = "$(TARGET_NAME)";
				SWIFT_VERSION = 5.0;
				TARGETED_DEVICE_FAMILY = "1,2";
			};
			name = Release;
		};
		D470D39F2446303400FB84E8 /* Debug */ = {
			isa = XCBuildConfiguration;
			baseConfigurationReference = C9026367A931F96297201903 /* Pods-SMV AppTests.debug.xcconfig */;
			buildSettings = {
				ALWAYS_EMBED_SWIFT_STANDARD_LIBRARIES = YES;
				BUNDLE_LOADER = "$(TEST_HOST)";
				CODE_SIGN_STYLE = Automatic;
				INFOPLIST_FILE = "SMV AppTests/Info.plist";
				IPHONEOS_DEPLOYMENT_TARGET = 13.4;
				LD_RUNPATH_SEARCH_PATHS = (
					"$(inherited)",
					"@executable_path/Frameworks",
					"@loader_path/Frameworks",
				);
				PRODUCT_BUNDLE_IDENTIFIER = "com.azalazar.SMV-AppTests";
				PRODUCT_NAME = "$(TARGET_NAME)";
				SWIFT_VERSION = 5.0;
				TARGETED_DEVICE_FAMILY = "1,2";
				TEST_HOST = "$(BUILT_PRODUCTS_DIR)/SMV App.app/SMV App";
			};
			name = Debug;
		};
		D470D3A02446303400FB84E8 /* Release */ = {
			isa = XCBuildConfiguration;
			baseConfigurationReference = BA5BFB736E1207CB061B7D10 /* Pods-SMV AppTests.release.xcconfig */;
			buildSettings = {
				ALWAYS_EMBED_SWIFT_STANDARD_LIBRARIES = YES;
				BUNDLE_LOADER = "$(TEST_HOST)";
				CODE_SIGN_STYLE = Automatic;
				INFOPLIST_FILE = "SMV AppTests/Info.plist";
				IPHONEOS_DEPLOYMENT_TARGET = 13.4;
				LD_RUNPATH_SEARCH_PATHS = (
					"$(inherited)",
					"@executable_path/Frameworks",
					"@loader_path/Frameworks",
				);
				PRODUCT_BUNDLE_IDENTIFIER = "com.azalazar.SMV-AppTests";
				PRODUCT_NAME = "$(TARGET_NAME)";
				SWIFT_VERSION = 5.0;
				TARGETED_DEVICE_FAMILY = "1,2";
				TEST_HOST = "$(BUILT_PRODUCTS_DIR)/SMV App.app/SMV App";
			};
			name = Release;
		};
		D470D3A22446303400FB84E8 /* Debug */ = {
			isa = XCBuildConfiguration;
			baseConfigurationReference = FFADC0FB64B21D0E2B0C672B /* Pods-SMV App-SMV AppUITests.debug.xcconfig */;
			buildSettings = {
				ALWAYS_EMBED_SWIFT_STANDARD_LIBRARIES = YES;
				CODE_SIGN_STYLE = Automatic;
				INFOPLIST_FILE = "SMV AppUITests/Info.plist";
				LD_RUNPATH_SEARCH_PATHS = (
					"$(inherited)",
					"@executable_path/Frameworks",
					"@loader_path/Frameworks",
				);
				PRODUCT_BUNDLE_IDENTIFIER = "com.azalazar.SMV-AppUITests";
				PRODUCT_NAME = "$(TARGET_NAME)";
				SWIFT_VERSION = 5.0;
				TARGETED_DEVICE_FAMILY = "1,2";
				TEST_TARGET_NAME = "SMV App";
			};
			name = Debug;
		};
		D470D3A32446303400FB84E8 /* Release */ = {
			isa = XCBuildConfiguration;
			baseConfigurationReference = F2A54708483FD8F298D6580D /* Pods-SMV App-SMV AppUITests.release.xcconfig */;
			buildSettings = {
				ALWAYS_EMBED_SWIFT_STANDARD_LIBRARIES = YES;
				CODE_SIGN_STYLE = Automatic;
				INFOPLIST_FILE = "SMV AppUITests/Info.plist";
				LD_RUNPATH_SEARCH_PATHS = (
					"$(inherited)",
					"@executable_path/Frameworks",
					"@loader_path/Frameworks",
				);
				PRODUCT_BUNDLE_IDENTIFIER = "com.azalazar.SMV-AppUITests";
				PRODUCT_NAME = "$(TARGET_NAME)";
				SWIFT_VERSION = 5.0;
				TARGETED_DEVICE_FAMILY = "1,2";
				TEST_TARGET_NAME = "SMV App";
			};
			name = Release;
		};
/* End XCBuildConfiguration section */

/* Begin XCConfigurationList section */
		D470D36C2446303100FB84E8 /* Build configuration list for PBXProject "SMV App" */ = {
			isa = XCConfigurationList;
			buildConfigurations = (
				D470D3992446303400FB84E8 /* Debug */,
				D470D39A2446303400FB84E8 /* Release */,
			);
			defaultConfigurationIsVisible = 0;
			defaultConfigurationName = Release;
		};
		D470D39B2446303400FB84E8 /* Build configuration list for PBXNativeTarget "SMV App" */ = {
			isa = XCConfigurationList;
			buildConfigurations = (
				D470D39C2446303400FB84E8 /* Debug */,
				D470D39D2446303400FB84E8 /* Release */,
			);
			defaultConfigurationIsVisible = 0;
			defaultConfigurationName = Release;
		};
		D470D39E2446303400FB84E8 /* Build configuration list for PBXNativeTarget "SMV AppTests" */ = {
			isa = XCConfigurationList;
			buildConfigurations = (
				D470D39F2446303400FB84E8 /* Debug */,
				D470D3A02446303400FB84E8 /* Release */,
			);
			defaultConfigurationIsVisible = 0;
			defaultConfigurationName = Release;
		};
		D470D3A12446303400FB84E8 /* Build configuration list for PBXNativeTarget "SMV AppUITests" */ = {
			isa = XCConfigurationList;
			buildConfigurations = (
				D470D3A22446303400FB84E8 /* Debug */,
				D470D3A32446303400FB84E8 /* Release */,
			);
			defaultConfigurationIsVisible = 0;
			defaultConfigurationName = Release;
		};
/* End XCConfigurationList section */
	};
	rootObject = D470D3692446303100FB84E8 /* Project object */;
}
